
Microsoft Visual Studio Solution File, Format Version 12.00
# Visual Studio Version 17
VisualStudioVersion = 17.9.34622.214
MinimumVisualStudioVersion = 10.0.40219.1
Project("{FAE04EC0-301F-11D3-BF4B-00C04F79EFBC}") = "PratikMuhasebe.Server", "PratikMuhasebe.Server\PratikMuhasebe.Server.csproj", "{66D6D385-940D-433B-97D9-0ECA2C466A60}"
EndProject
Global
	GlobalSection(SolutionConfigurationPlatforms) = preSolution
		Debug|Any CPU = Debug|Any CPU
		Release|Any CPU = Release|Any CPU
	EndGlobalSection
	GlobalSection(ProjectConfigurationPlatforms) = postSolution
		{66D6D385-940D-433B-97D9-0ECA2C466A60}.Debug|Any CPU.ActiveCfg = Debug|Any CPU
		{66D6D385-940D-433B-97D9-0ECA2C466A60}.Debug|Any CPU.Build.0 = Debug|Any CPU
		{66D6D385-940D-433B-97D9-0ECA2C466A60}.Release|Any CPU.ActiveCfg = Release|Any CPU
		{66D6D385-940D-433B-97D9-0ECA2C466A60}.Release|Any CPU.Build.0 = Release|Any CPU
	EndGlobalSection
	GlobalSection(SolutionProperties) = preSolution
		HideSolutionNode = FALSE
	EndGlobalSection
	GlobalSection(ExtensibilityGlobals) = postSolution
		SolutionGuid = {5504B818-259E-47E0-86B2-AA6BB55E3BCB}
	EndGlobalSection
EndGlobal
